
Microsoft Visual Studio Solution File, Format Version 12.00
# Visual Studio Version 17
VisualStudioVersion = 17.3.32929.385
MinimumVisualStudioVersion = 10.0.40219.1
Project("{FAE04EC0-301F-11D3-BF4B-00C04F79EFBC}") = "PS", "PS\PS.csproj", "{77D6DD0C-7159-4B57-A258-10DAEA47DD2F}"
EndProject
Global
	GlobalSection(SolutionConfigurationPlatforms) = preSolution
		Debug|Any CPU = Debug|Any CPU
		Release|Any CPU = Release|Any CPU
	EndGlobalSection
	GlobalSection(ProjectConfigurationPlatforms) = postSolution
		{77D6DD0C-7159-4B57-A258-10DAEA47DD2F}.Debug|Any CPU.ActiveCfg = Debug|Any CPU
		{77D6DD0C-7159-4B57-A258-10DAEA47DD2F}.Debug|Any CPU.Build.0 = Debug|Any CPU
		{77D6DD0C-7159-4B57-A258-10DAEA47DD2F}.Release|Any CPU.ActiveCfg = Release|Any CPU
		{77D6DD0C-7159-4B57-A258-10DAEA47DD2F}.Release|Any CPU.Build.0 = Release|Any CPU
	EndGlobalSection
	GlobalSection(SolutionProperties) = preSolution
		HideSolutionNode = FALSE
	EndGlobalSection
	GlobalSection(ExtensibilityGlobals) = postSolution
		SolutionGuid = {8F47E11E-CC85-4DB8-8CB4-FC46B4A57E5D}
	EndGlobalSection
EndGlobal
